
Microsoft Visual Studio Solution File, Format Version 12.00
# Visual Studio Version 16
VisualStudioVersion = 16.0.32106.194
MinimumVisualStudioVersion = 10.0.40219.1
Project("{9A19103F-16F7-4668-BE54-9A1E7A4F7556}") = "4.1", "4.1\4.1.csproj", "{1CBDF6D2-097C-44CC-9081-3CFA2D96832A}"
EndProject
Project("{9A19103F-16F7-4668-BE54-9A1E7A4F7556}") = "4.2", "4.2\4.2.csproj", "{2B07146A-8607-4C07-B702-08B361E15E64}"
EndProject
Project("{9A19103F-16F7-4668-BE54-9A1E7A4F7556}") = "5.1", "5.1\5.1.csproj", "{DF54E41B-9CEA-4333-B034-6C88597B0483}"
EndProject
Project("{9A19103F-16F7-4668-BE54-9A1E7A4F7556}") = "5.2", "5.2\5.2.csproj", "{DA547369-C968-49F7-9446-A5BA8A3A5996}"
EndProject
Project("{9A19103F-16F7-4668-BE54-9A1E7A4F7556}") = "6.1", "6.1\6.1.csproj", "{545E13D3-1FB7-4ABC-AF3F-667B6BA2DDFA}"
EndProject
Project("{9A19103F-16F7-4668-BE54-9A1E7A4F7556}") = "7.1", "7.1\7.1.csproj", "{AB2CF58D-786D-428F-A0C4-066215F79EF6}"
EndProject
Project("{9A19103F-16F7-4668-BE54-9A1E7A4F7556}") = "8.1", "8.1\8.1.csproj", "{0A6875CB-BF06-41E7-BE64-85E7AD2A4FB1}"
EndProject
Project("{9A19103F-16F7-4668-BE54-9A1E7A4F7556}") = "9.1", "9.1\9.1.csproj", "{22B4C5AE-C700-401F-BBD1-437EE220C05A}"
EndProject
Project("{9A19103F-16F7-4668-BE54-9A1E7A4F7556}") = "10.1", "10.1\10.1.csproj", "{51CDEBBC-5332-428E-B71D-340E26FE7D1A}"
EndProject
Project("{9A19103F-16F7-4668-BE54-9A1E7A4F7556}") = "10.2", "10.2\10.2.csproj", "{21668565-7067-4D15-BB8A-7311F6950674}"
EndProject
Project("{9A19103F-16F7-4668-BE54-9A1E7A4F7556}") = "10.3", "10.3\10.3.csproj", "{DB6AC8FE-5E26-441F-877B-A2712595396D}"
EndProject
Project("{9A19103F-16F7-4668-BE54-9A1E7A4F7556}") = "11.1", "11.1\11.1.csproj", "{FD5BBB0D-1B28-45E0-9B1A-16C5D01B54D2}"
EndProject
Project("{9A19103F-16F7-4668-BE54-9A1E7A4F7556}") = "12.1", "12.1\12.1.csproj", "{D7EFECE7-069C-4E88-95A6-514FE0B7259D}"
EndProject
Project("{9A19103F-16F7-4668-BE54-9A1E7A4F7556}") = "14.1", "14.1\14.1.csproj", "{7EB63B95-C7EA-4D2C-8A28-8F3D13239716}"
EndProject
Project("{9A19103F-16F7-4668-BE54-9A1E7A4F7556}") = "13.1", "13.1\13.1.csproj", "{679306E9-BDD6-406C-B0D4-666E9DCF8E9D}"
EndProject
Project("{FAE04EC0-301F-11D3-BF4B-00C04F79EFBC}") = "15.1", "15.1\15.1.csproj", "{FAC61C9D-C8D3-40DC-8637-631592AE5F28}"
EndProject
Global
	GlobalSection(SolutionConfigurationPlatforms) = preSolution
		Debug|Any CPU = Debug|Any CPU
		Release|Any CPU = Release|Any CPU
	EndGlobalSection
	GlobalSection(ProjectConfigurationPlatforms) = postSolution
		{1CBDF6D2-097C-44CC-9081-3CFA2D96832A}.Debug|Any CPU.ActiveCfg = Debug|Any CPU
		{1CBDF6D2-097C-44CC-9081-3CFA2D96832A}.Debug|Any CPU.Build.0 = Debug|Any CPU
		{1CBDF6D2-097C-44CC-9081-3CFA2D96832A}.Release|Any CPU.ActiveCfg = Release|Any CPU
		{1CBDF6D2-097C-44CC-9081-3CFA2D96832A}.Release|Any CPU.Build.0 = Release|Any CPU
		{2B07146A-8607-4C07-B702-08B361E15E64}.Debug|Any CPU.ActiveCfg = Debug|Any CPU
		{2B07146A-8607-4C07-B702-08B361E15E64}.Debug|Any CPU.Build.0 = Debug|Any CPU
		{2B07146A-8607-4C07-B702-08B361E15E64}.Release|Any CPU.ActiveCfg = Release|Any CPU
		{2B07146A-8607-4C07-B702-08B361E15E64}.Release|Any CPU.Build.0 = Release|Any CPU
		{DF54E41B-9CEA-4333-B034-6C88597B0483}.Debug|Any CPU.ActiveCfg = Debug|Any CPU
		{DF54E41B-9CEA-4333-B034-6C88597B0483}.Debug|Any CPU.Build.0 = Debug|Any CPU
		{DF54E41B-9CEA-4333-B034-6C88597B0483}.Release|Any CPU.ActiveCfg = Release|Any CPU
		{DF54E41B-9CEA-4333-B034-6C88597B0483}.Release|Any CPU.Build.0 = Release|Any CPU
		{DA547369-C968-49F7-9446-A5BA8A3A5996}.Debug|Any CPU.ActiveCfg = Debug|Any CPU
		{DA547369-C968-49F7-9446-A5BA8A3A5996}.Debug|Any CPU.Build.0 = Debug|Any CPU
		{DA547369-C968-49F7-9446-A5BA8A3A5996}.Release|Any CPU.ActiveCfg = Release|Any CPU
		{DA547369-C968-49F7-9446-A5BA8A3A5996}.Release|Any CPU.Build.0 = Release|Any CPU
		{545E13D3-1FB7-4ABC-AF3F-667B6BA2DDFA}.Debug|Any CPU.ActiveCfg = Debug|Any CPU
		{545E13D3-1FB7-4ABC-AF3F-667B6BA2DDFA}.Debug|Any CPU.Build.0 = Debug|Any CPU
		{545E13D3-1FB7-4ABC-AF3F-667B6BA2DDFA}.Release|Any CPU.ActiveCfg = Release|Any CPU
		{545E13D3-1FB7-4ABC-AF3F-667B6BA2DDFA}.Release|Any CPU.Build.0 = Release|Any CPU
		{AB2CF58D-786D-428F-A0C4-066215F79EF6}.Debug|Any CPU.ActiveCfg = Debug|Any CPU
		{AB2CF58D-786D-428F-A0C4-066215F79EF6}.Debug|Any CPU.Build.0 = Debug|Any CPU
		{AB2CF58D-786D-428F-A0C4-066215F79EF6}.Release|Any CPU.ActiveCfg = Release|Any CPU
		{AB2CF58D-786D-428F-A0C4-066215F79EF6}.Release|Any CPU.Build.0 = Release|Any CPU
		{0A6875CB-BF06-41E7-BE64-85E7AD2A4FB1}.Debug|Any CPU.ActiveCfg = Debug|Any CPU
		{0A6875CB-BF06-41E7-BE64-85E7AD2A4FB1}.Debug|Any CPU.Build.0 = Debug|Any CPU
		{0A6875CB-BF06-41E7-BE64-85E7AD2A4FB1}.Release|Any CPU.ActiveCfg = Release|Any CPU
		{0A6875CB-BF06-41E7-BE64-85E7AD2A4FB1}.Release|Any CPU.Build.0 = Release|Any CPU
		{22B4C5AE-C700-401F-BBD1-437EE220C05A}.Debug|Any CPU.ActiveCfg = Debug|Any CPU
		{22B4C5AE-C700-401F-BBD1-437EE220C05A}.Debug|Any CPU.Build.0 = Debug|Any CPU
		{22B4C5AE-C700-401F-BBD1-437EE220C05A}.Release|Any CPU.ActiveCfg = Release|Any CPU
		{22B4C5AE-C700-401F-BBD1-437EE220C05A}.Release|Any CPU.Build.0 = Release|Any CPU
		{51CDEBBC-5332-428E-B71D-340E26FE7D1A}.Debug|Any CPU.ActiveCfg = Debug|Any CPU
		{51CDEBBC-5332-428E-B71D-340E26FE7D1A}.Debug|Any CPU.Build.0 = Debug|Any CPU
		{51CDEBBC-5332-428E-B71D-340E26FE7D1A}.Release|Any CPU.ActiveCfg = Release|Any CPU
		{51CDEBBC-5332-428E-B71D-340E26FE7D1A}.Release|Any CPU.Build.0 = Release|Any CPU
		{21668565-7067-4D15-BB8A-7311F6950674}.Debug|Any CPU.ActiveCfg = Debug|Any CPU
		{21668565-7067-4D15-BB8A-7311F6950674}.Debug|Any CPU.Build.0 = Debug|Any CPU
		{21668565-7067-4D15-BB8A-7311F6950674}.Release|Any CPU.ActiveCfg = Release|Any CPU
		{21668565-7067-4D15-BB8A-7311F6950674}.Release|Any CPU.Build.0 = Release|Any CPU
		{DB6AC8FE-5E26-441F-877B-A2712595396D}.Debug|Any CPU.ActiveCfg = Debug|Any CPU
		{DB6AC8FE-5E26-441F-877B-A2712595396D}.Debug|Any CPU.Build.0 = Debug|Any CPU
		{DB6AC8FE-5E26-441F-877B-A2712595396D}.Release|Any CPU.ActiveCfg = Release|Any CPU
		{DB6AC8FE-5E26-441F-877B-A2712595396D}.Release|Any CPU.Build.0 = Release|Any CPU
		{FD5BBB0D-1B28-45E0-9B1A-16C5D01B54D2}.Debug|Any CPU.ActiveCfg = Debug|Any CPU
		{FD5BBB0D-1B28-45E0-9B1A-16C5D01B54D2}.Debug|Any CPU.Build.0 = Debug|Any CPU
		{FD5BBB0D-1B28-45E0-9B1A-16C5D01B54D2}.Release|Any CPU.ActiveCfg = Release|Any CPU
		{FD5BBB0D-1B28-45E0-9B1A-16C5D01B54D2}.Release|Any CPU.Build.0 = Release|Any CPU
		{D7EFECE7-069C-4E88-95A6-514FE0B7259D}.Debug|Any CPU.ActiveCfg = Debug|Any CPU
		{D7EFECE7-069C-4E88-95A6-514FE0B7259D}.Debug|Any CPU.Build.0 = Debug|Any CPU
		{D7EFECE7-069C-4E88-95A6-514FE0B7259D}.Release|Any CPU.ActiveCfg = Release|Any CPU
		{D7EFECE7-069C-4E88-95A6-514FE0B7259D}.Release|Any CPU.Build.0 = Release|Any CPU
		{7EB63B95-C7EA-4D2C-8A28-8F3D13239716}.Debug|Any CPU.ActiveCfg = Debug|Any CPU
		{7EB63B95-C7EA-4D2C-8A28-8F3D13239716}.Debug|Any CPU.Build.0 = Debug|Any CPU
		{7EB63B95-C7EA-4D2C-8A28-8F3D13239716}.Release|Any CPU.ActiveCfg = Release|Any CPU
		{7EB63B95-C7EA-4D2C-8A28-8F3D13239716}.Release|Any CPU.Build.0 = Release|Any CPU
		{679306E9-BDD6-406C-B0D4-666E9DCF8E9D}.Debug|Any CPU.ActiveCfg = Debug|Any CPU
		{679306E9-BDD6-406C-B0D4-666E9DCF8E9D}.Debug|Any CPU.Build.0 = Debug|Any CPU
		{679306E9-BDD6-406C-B0D4-666E9DCF8E9D}.Release|Any CPU.ActiveCfg = Release|Any CPU
		{679306E9-BDD6-406C-B0D4-666E9DCF8E9D}.Release|Any CPU.Build.0 = Release|Any CPU
		{FAC61C9D-C8D3-40DC-8637-631592AE5F28}.Debug|Any CPU.ActiveCfg = Debug|Any CPU
		{FAC61C9D-C8D3-40DC-8637-631592AE5F28}.Debug|Any CPU.Build.0 = Debug|Any CPU
		{FAC61C9D-C8D3-40DC-8637-631592AE5F28}.Release|Any CPU.ActiveCfg = Release|Any CPU
		{FAC61C9D-C8D3-40DC-8637-631592AE5F28}.Release|Any CPU.Build.0 = Release|Any CPU
	EndGlobalSection
	GlobalSection(SolutionProperties) = preSolution
		HideSolutionNode = FALSE
	EndGlobalSection
	GlobalSection(ExtensibilityGlobals) = postSolution
		SolutionGuid = {DB728D43-9234-48C1-A969-0B8A683E8761}
	EndGlobalSection
EndGlobal
