
Microsoft Visual Studio Solution File, Format Version 12.00
# Visual Studio Version 16
VisualStudioVersion = 16.0.32106.194
MinimumVisualStudioVersion = 10.0.40219.1
Project("{9A19103F-16F7-4668-BE54-9A1E7A4F7556}") = "4.1", "4.1\4.1.csproj", "{1CBDF6D2-097C-44CC-9081-3CFA2D96832A}"
EndProject
Project("{9A19103F-16F7-4668-BE54-9A1E7A4F7556}") = "4.2", "4.2\4.2.csproj", "{2B07146A-8607-4C07-B702-08B361E15E64}"
EndProject
Project("{9A19103F-16F7-4668-BE54-9A1E7A4F7556}") = "5.1", "5.1\5.1.csproj", "{DF54E41B-9CEA-4333-B034-6C88597B0483}"
EndProject
Project("{9A19103F-16F7-4668-BE54-9A1E7A4F7556}") = "5.2", "5.2\5.2.csproj", "{DA547369-C968-49F7-9446-A5BA8A3A5996}"
EndProject
Project("{9A19103F-16F7-4668-BE54-9A1E7A4F7556}") = "6.1", "6.1\6.1.csproj", "{545E13D3-1FB7-4ABC-AF3F-667B6BA2DDFA}"
EndProject
Project("{9A19103F-16F7-4668-BE54-9A1E7A4F7556}") = "7.1", "7.1\7.1.csproj", "{AB2CF58D-786D-428F-A0C4-066215F79EF6}"
EndProject
Project("{FAE04EC0-301F-11D3-BF4B-00C04F79EFBC}") = "8.1", "8.1\8.1.csproj", "{0A6875CB-BF06-41E7-BE64-85E7AD2A4FB1}"
EndProject
Global
	GlobalSection(SolutionConfigurationPlatforms) = preSolution
		Debug|Any CPU = Debug|Any CPU
		Release|Any CPU = Release|Any CPU
	EndGlobalSection
	GlobalSection(ProjectConfigurationPlatforms) = postSolution
		{1CBDF6D2-097C-44CC-9081-3CFA2D96832A}.Debug|Any CPU.ActiveCfg = Debug|Any CPU
		{1CBDF6D2-097C-44CC-9081-3CFA2D96832A}.Debug|Any CPU.Build.0 = Debug|Any CPU
		{1CBDF6D2-097C-44CC-9081-3CFA2D96832A}.Release|Any CPU.ActiveCfg = Release|Any CPU
		{1CBDF6D2-097C-44CC-9081-3CFA2D96832A}.Release|Any CPU.Build.0 = Release|Any CPU
		{2B07146A-8607-4C07-B702-08B361E15E64}.Debug|Any CPU.ActiveCfg = Debug|Any CPU
		{2B07146A-8607-4C07-B702-08B361E15E64}.Debug|Any CPU.Build.0 = Debug|Any CPU
		{2B07146A-8607-4C07-B702-08B361E15E64}.Release|Any CPU.ActiveCfg = Release|Any CPU
		{2B07146A-8607-4C07-B702-08B361E15E64}.Release|Any CPU.Build.0 = Release|Any CPU
		{DF54E41B-9CEA-4333-B034-6C88597B0483}.Debug|Any CPU.ActiveCfg = Debug|Any CPU
		{DF54E41B-9CEA-4333-B034-6C88597B0483}.Debug|Any CPU.Build.0 = Debug|Any CPU
		{DF54E41B-9CEA-4333-B034-6C88597B0483}.Release|Any CPU.ActiveCfg = Release|Any CPU
		{DF54E41B-9CEA-4333-B034-6C88597B0483}.Release|Any CPU.Build.0 = Release|Any CPU
		{DA547369-C968-49F7-9446-A5BA8A3A5996}.Debug|Any CPU.ActiveCfg = Debug|Any CPU
		{DA547369-C968-49F7-9446-A5BA8A3A5996}.Debug|Any CPU.Build.0 = Debug|Any CPU
		{DA547369-C968-49F7-9446-A5BA8A3A5996}.Release|Any CPU.ActiveCfg = Release|Any CPU
		{DA547369-C968-49F7-9446-A5BA8A3A5996}.Release|Any CPU.Build.0 = Release|Any CPU
		{545E13D3-1FB7-4ABC-AF3F-667B6BA2DDFA}.Debug|Any CPU.ActiveCfg = Debug|Any CPU
		{545E13D3-1FB7-4ABC-AF3F-667B6BA2DDFA}.Debug|Any CPU.Build.0 = Debug|Any CPU
		{545E13D3-1FB7-4ABC-AF3F-667B6BA2DDFA}.Release|Any CPU.ActiveCfg = Release|Any CPU
		{545E13D3-1FB7-4ABC-AF3F-667B6BA2DDFA}.Release|Any CPU.Build.0 = Release|Any CPU
		{AB2CF58D-786D-428F-A0C4-066215F79EF6}.Debug|Any CPU.ActiveCfg = Debug|Any CPU
		{AB2CF58D-786D-428F-A0C4-066215F79EF6}.Debug|Any CPU.Build.0 = Debug|Any CPU
		{AB2CF58D-786D-428F-A0C4-066215F79EF6}.Release|Any CPU.ActiveCfg = Release|Any CPU
		{AB2CF58D-786D-428F-A0C4-066215F79EF6}.Release|Any CPU.Build.0 = Release|Any CPU
		{0A6875CB-BF06-41E7-BE64-85E7AD2A4FB1}.Debug|Any CPU.ActiveCfg = Debug|Any CPU
		{0A6875CB-BF06-41E7-BE64-85E7AD2A4FB1}.Debug|Any CPU.Build.0 = Debug|Any CPU
		{0A6875CB-BF06-41E7-BE64-85E7AD2A4FB1}.Release|Any CPU.ActiveCfg = Release|Any CPU
		{0A6875CB-BF06-41E7-BE64-85E7AD2A4FB1}.Release|Any CPU.Build.0 = Release|Any CPU
	EndGlobalSection
	GlobalSection(SolutionProperties) = preSolution
		HideSolutionNode = FALSE
	EndGlobalSection
	GlobalSection(ExtensibilityGlobals) = postSolution
		SolutionGuid = {DB728D43-9234-48C1-A969-0B8A683E8761}
	EndGlobalSection
EndGlobal
